
Microsoft Visual Studio Solution File, Format Version 12.00
# Visual Studio 15
VisualStudioVersion = 15.0.28010.0
MinimumVisualStudioVersion = 10.0.40219.1
Project("{FAE04EC0-301F-11D3-BF4B-00C04F79EFBC}") = "Visualizing Sorting Algorithm", "Visualizing Sorting Algorithm\Visualizing Sorting Algorithm.csproj", "{FCE70B98-E1C3-45C7-BB4A-CB87490DCB8D}"
EndProject
Global
	GlobalSection(SolutionConfigurationPlatforms) = preSolution
		Debug|Any CPU = Debug|Any CPU
		Release|Any CPU = Release|Any CPU
	EndGlobalSection
	GlobalSection(ProjectConfigurationPlatforms) = postSolution
		{FCE70B98-E1C3-45C7-BB4A-CB87490DCB8D}.Debug|Any CPU.ActiveCfg = Debug|Any CPU
		{FCE70B98-E1C3-45C7-BB4A-CB87490DCB8D}.Debug|Any CPU.Build.0 = Debug|Any CPU
		{FCE70B98-E1C3-45C7-BB4A-CB87490DCB8D}.Release|Any CPU.ActiveCfg = Release|Any CPU
		{FCE70B98-E1C3-45C7-BB4A-CB87490DCB8D}.Release|Any CPU.Build.0 = Release|Any CPU
	EndGlobalSection
	GlobalSection(SolutionProperties) = preSolution
		HideSolutionNode = FALSE
	EndGlobalSection
	GlobalSection(ExtensibilityGlobals) = postSolution
		SolutionGuid = {BB764C15-A877-4A95-8704-3A8881202480}
	EndGlobalSection
EndGlobal
